
Microsoft Visual Studio Solution File, Format Version 12.00
# Visual Studio Version 17
VisualStudioVersion = 17.8.34309.116
MinimumVisualStudioVersion = 10.0.40219.1
Project("{9A19103F-16F7-4668-BE54-9A1E7A4F7556}") = "OrtalamaHesaplama", "OrtalamaHesaplama\OrtalamaHesaplama.csproj", "{4ADD478F-445A-47E2-83BD-51FE15A3DAA4}"
EndProject
Project("{9A19103F-16F7-4668-BE54-9A1E7A4F7556}") = "UcgenCizme", "UcgenCizme\UcgenCizme.csproj", "{A541440D-8FEA-4800-842B-90B39A89C905}"
EndProject
Project("{9A19103F-16F7-4668-BE54-9A1E7A4F7556}") = "CircleDrawing", "CircleDrawing\CircleDrawing.csproj", "{B2AE5561-92C3-46DF-8546-72E81BD091D8}"
EndProject
Project("{9A19103F-16F7-4668-BE54-9A1E7A4F7556}") = "AlgoritmaSorusu", "AlgoritmaSorusu\AlgoritmaSorusu.csproj", "{6D85CCE3-6C4A-4303-8425-F9728E720BC1}"
EndProject
Project("{9A19103F-16F7-4668-BE54-9A1E7A4F7556}") = "CharacterReversalPrinting", "CharacterReversalPrinting\CharacterReversalPrinting.csproj", "{866D2995-C382-4AF9-B758-C6D4F3A47299}"
EndProject
Project("{9A19103F-16F7-4668-BE54-9A1E7A4F7556}") = "AreaCalculation", "AreaCalculation\AreaCalculation.csproj", "{88408062-C867-4E02-B692-4DEB14E1978B}"
EndProject
Project("{FAE04EC0-301F-11D3-BF4B-00C04F79EFBC}") = "AbsoluteSquare", "AbsoluteSquare\AbsoluteSquare.csproj", "{7DB220D5-D5B4-4501-B0BC-8EC78EBB5C99}"
EndProject
Global
	GlobalSection(SolutionConfigurationPlatforms) = preSolution
		Debug|Any CPU = Debug|Any CPU
		Release|Any CPU = Release|Any CPU
	EndGlobalSection
	GlobalSection(ProjectConfigurationPlatforms) = postSolution
		{4ADD478F-445A-47E2-83BD-51FE15A3DAA4}.Debug|Any CPU.ActiveCfg = Debug|Any CPU
		{4ADD478F-445A-47E2-83BD-51FE15A3DAA4}.Debug|Any CPU.Build.0 = Debug|Any CPU
		{4ADD478F-445A-47E2-83BD-51FE15A3DAA4}.Release|Any CPU.ActiveCfg = Release|Any CPU
		{4ADD478F-445A-47E2-83BD-51FE15A3DAA4}.Release|Any CPU.Build.0 = Release|Any CPU
		{A541440D-8FEA-4800-842B-90B39A89C905}.Debug|Any CPU.ActiveCfg = Debug|Any CPU
		{A541440D-8FEA-4800-842B-90B39A89C905}.Debug|Any CPU.Build.0 = Debug|Any CPU
		{A541440D-8FEA-4800-842B-90B39A89C905}.Release|Any CPU.ActiveCfg = Release|Any CPU
		{A541440D-8FEA-4800-842B-90B39A89C905}.Release|Any CPU.Build.0 = Release|Any CPU
		{B2AE5561-92C3-46DF-8546-72E81BD091D8}.Debug|Any CPU.ActiveCfg = Debug|Any CPU
		{B2AE5561-92C3-46DF-8546-72E81BD091D8}.Debug|Any CPU.Build.0 = Debug|Any CPU
		{B2AE5561-92C3-46DF-8546-72E81BD091D8}.Release|Any CPU.ActiveCfg = Release|Any CPU
		{B2AE5561-92C3-46DF-8546-72E81BD091D8}.Release|Any CPU.Build.0 = Release|Any CPU
		{6D85CCE3-6C4A-4303-8425-F9728E720BC1}.Debug|Any CPU.ActiveCfg = Debug|Any CPU
		{6D85CCE3-6C4A-4303-8425-F9728E720BC1}.Debug|Any CPU.Build.0 = Debug|Any CPU
		{6D85CCE3-6C4A-4303-8425-F9728E720BC1}.Release|Any CPU.ActiveCfg = Release|Any CPU
		{6D85CCE3-6C4A-4303-8425-F9728E720BC1}.Release|Any CPU.Build.0 = Release|Any CPU
		{866D2995-C382-4AF9-B758-C6D4F3A47299}.Debug|Any CPU.ActiveCfg = Debug|Any CPU
		{866D2995-C382-4AF9-B758-C6D4F3A47299}.Debug|Any CPU.Build.0 = Debug|Any CPU
		{866D2995-C382-4AF9-B758-C6D4F3A47299}.Release|Any CPU.ActiveCfg = Release|Any CPU
		{866D2995-C382-4AF9-B758-C6D4F3A47299}.Release|Any CPU.Build.0 = Release|Any CPU
		{88408062-C867-4E02-B692-4DEB14E1978B}.Debug|Any CPU.ActiveCfg = Debug|Any CPU
		{88408062-C867-4E02-B692-4DEB14E1978B}.Debug|Any CPU.Build.0 = Debug|Any CPU
		{88408062-C867-4E02-B692-4DEB14E1978B}.Release|Any CPU.ActiveCfg = Release|Any CPU
		{88408062-C867-4E02-B692-4DEB14E1978B}.Release|Any CPU.Build.0 = Release|Any CPU
		{7DB220D5-D5B4-4501-B0BC-8EC78EBB5C99}.Debug|Any CPU.ActiveCfg = Debug|Any CPU
		{7DB220D5-D5B4-4501-B0BC-8EC78EBB5C99}.Debug|Any CPU.Build.0 = Debug|Any CPU
		{7DB220D5-D5B4-4501-B0BC-8EC78EBB5C99}.Release|Any CPU.ActiveCfg = Release|Any CPU
		{7DB220D5-D5B4-4501-B0BC-8EC78EBB5C99}.Release|Any CPU.Build.0 = Release|Any CPU
	EndGlobalSection
	GlobalSection(SolutionProperties) = preSolution
		HideSolutionNode = FALSE
	EndGlobalSection
	GlobalSection(ExtensibilityGlobals) = postSolution
		SolutionGuid = {17E91721-F6CF-4992-A7A9-6ACAEA31B36F}
	EndGlobalSection
EndGlobal
